// !$*UTF8*$!
{
	archiveVersion = 1;
	classes = {
	};
	objectVersion = 55;
	objects = {

/* Begin PBXBuildFile section */
		58401AEB276E742E001671A4 /* Screen_4.swift in Sources */ = {isa = PBXBuildFile; fileRef = 58401AEA276E742E001671A4 /* Screen_4.swift */; };
		587877B9276F59E100E4A6D5 /* Screen_5.swift in Sources */ = {isa = PBXBuildFile; fileRef = 587877B8276F59E100E4A6D5 /* Screen_5.swift */; };
		58795100276BE55900A52010 /* Logic.swift in Sources */ = {isa = PBXBuildFile; fileRef = 587950FF276BE55900A52010 /* Logic.swift */; };
		58795102276BE92500A52010 /* Screen_1.swift in Sources */ = {isa = PBXBuildFile; fileRef = 58795101276BE92500A52010 /* Screen_1.swift */; };
		58795104276BE94500A52010 /* Screen_2.swift in Sources */ = {isa = PBXBuildFile; fileRef = 58795103276BE94500A52010 /* Screen_2.swift */; };
		588908CB276C9605004A3297 /* Screen_Multy1.swift in Sources */ = {isa = PBXBuildFile; fileRef = 588908CA276C9605004A3297 /* Screen_Multy1.swift */; };
		588908CD276C9D94004A3297 /* Screen_3.swift in Sources */ = {isa = PBXBuildFile; fileRef = 588908CC276C9D94004A3297 /* Screen_3.swift */; };
		58C9C5142773C343003C8479 /* Screen_6.swift in Sources */ = {isa = PBXBuildFile; fileRef = 58C9C5132773C343003C8479 /* Screen_6.swift */; };
		58C9C5162773E983003C8479 /* Screen_Multy2.swift in Sources */ = {isa = PBXBuildFile; fileRef = 58C9C5152773E983003C8479 /* Screen_Multy2.swift */; };
		58C9C5182773EABD003C8479 /* Screen_Multy3.swift in Sources */ = {isa = PBXBuildFile; fileRef = 58C9C5172773EABD003C8479 /* Screen_Multy3.swift */; };
		58C9C51A2773EF9D003C8479 /* Screen_Multy4.swift in Sources */ = {isa = PBXBuildFile; fileRef = 58C9C5192773EF9D003C8479 /* Screen_Multy4.swift */; };
		58C9C51E2773FDF8003C8479 /* Screen_Multy5.swift in Sources */ = {isa = PBXBuildFile; fileRef = 58C9C51D2773FDF8003C8479 /* Screen_Multy5.swift */; };
		58CCEEB4276B783D0002303D /* RPSApp.swift in Sources */ = {isa = PBXBuildFile; fileRef = 58CCEEB3276B783D0002303D /* RPSApp.swift */; };
		58CCEEB6276B783D0002303D /* ContentView.swift in Sources */ = {isa = PBXBuildFile; fileRef = 58CCEEB5276B783D0002303D /* ContentView.swift */; };
		58CCEEB8276B783E0002303D /* Assets.xcassets in Resources */ = {isa = PBXBuildFile; fileRef = 58CCEEB7276B783E0002303D /* Assets.xcassets */; };
		58CCEEBB276B783E0002303D /* Preview Assets.xcassets in Resources */ = {isa = PBXBuildFile; fileRef = 58CCEEBA276B783E0002303D /* Preview Assets.xcassets */; };
/* End PBXBuildFile section */

/* Begin PBXFileReference section */
		58401AEA276E742E001671A4 /* Screen_4.swift */ = {isa = PBXFileReference; lastKnownFileType = sourcecode.swift; path = Screen_4.swift; sourceTree = "<group>"; };
		587877B8276F59E100E4A6D5 /* Screen_5.swift */ = {isa = PBXFileReference; lastKnownFileType = sourcecode.swift; path = Screen_5.swift; sourceTree = "<group>"; };
		587950FF276BE55900A52010 /* Logic.swift */ = {isa = PBXFileReference; lastKnownFileType = sourcecode.swift; path = Logic.swift; sourceTree = "<group>"; };
		58795101276BE92500A52010 /* Screen_1.swift */ = {isa = PBXFileReference; lastKnownFileType = sourcecode.swift; path = Screen_1.swift; sourceTree = "<group>"; };
		58795103276BE94500A52010 /* Screen_2.swift */ = {isa = PBXFileReference; lastKnownFileType = sourcecode.swift; path = Screen_2.swift; sourceTree = "<group>"; };
		588908CA276C9605004A3297 /* Screen_Multy1.swift */ = {isa = PBXFileReference; lastKnownFileType = sourcecode.swift; path = Screen_Multy1.swift; sourceTree = "<group>"; };
		588908CC276C9D94004A3297 /* Screen_3.swift */ = {isa = PBXFileReference; lastKnownFileType = sourcecode.swift; path = Screen_3.swift; sourceTree = "<group>"; };
		58C9C5132773C343003C8479 /* Screen_6.swift */ = {isa = PBXFileReference; lastKnownFileType = sourcecode.swift; path = Screen_6.swift; sourceTree = "<group>"; };
		58C9C5152773E983003C8479 /* Screen_Multy2.swift */ = {isa = PBXFileReference; lastKnownFileType = sourcecode.swift; path = Screen_Multy2.swift; sourceTree = "<group>"; };
		58C9C5172773EABD003C8479 /* Screen_Multy3.swift */ = {isa = PBXFileReference; lastKnownFileType = sourcecode.swift; path = Screen_Multy3.swift; sourceTree = "<group>"; };
		58C9C5192773EF9D003C8479 /* Screen_Multy4.swift */ = {isa = PBXFileReference; lastKnownFileType = sourcecode.swift; path = Screen_Multy4.swift; sourceTree = "<group>"; };
		58C9C51D2773FDF8003C8479 /* Screen_Multy5.swift */ = {isa = PBXFileReference; lastKnownFileType = sourcecode.swift; path = Screen_Multy5.swift; sourceTree = "<group>"; };
		58CCEEB0276B783D0002303D /* RPS.app */ = {isa = PBXFileReference; explicitFileType = wrapper.application; includeInIndex = 0; path = RPS.app; sourceTree = BUILT_PRODUCTS_DIR; };
		58CCEEB3276B783D0002303D /* RPSApp.swift */ = {isa = PBXFileReference; lastKnownFileType = sourcecode.swift; path = RPSApp.swift; sourceTree = "<group>"; };
		58CCEEB5276B783D0002303D /* ContentView.swift */ = {isa = PBXFileReference; lastKnownFileType = sourcecode.swift; path = ContentView.swift; sourceTree = "<group>"; };
		58CCEEB7276B783E0002303D /* Assets.xcassets */ = {isa = PBXFileReference; lastKnownFileType = folder.assetcatalog; path = Assets.xcassets; sourceTree = "<group>"; };
		58CCEEBA276B783E0002303D /* Preview Assets.xcassets */ = {isa = PBXFileReference; lastKnownFileType = folder.assetcatalog; path = "Preview Assets.xcassets"; sourceTree = "<group>"; };
/* End PBXFileReference section */

/* Begin PBXFrameworksBuildPhase section */
		58CCEEAD276B783D0002303D /* Frameworks */ = {
			isa = PBXFrameworksBuildPhase;
			buildActionMask = 2147483647;
			files = (
			);
			runOnlyForDeploymentPostprocessing = 0;
		};
/* End PBXFrameworksBuildPhase section */

/* Begin PBXGroup section */
		58CCEEA7276B783D0002303D = {
			isa = PBXGroup;
			children = (
				58CCEEB2276B783D0002303D /* RPS */,
				58CCEEB1276B783D0002303D /* Products */,
			);
			sourceTree = "<group>";
		};
		58CCEEB1276B783D0002303D /* Products */ = {
			isa = PBXGroup;
			children = (
				58CCEEB0276B783D0002303D /* RPS.app */,
			);
			name = Products;
			sourceTree = "<group>";
		};
		58CCEEB2276B783D0002303D /* RPS */ = {
			isa = PBXGroup;
			children = (
				587950FF276BE55900A52010 /* Logic.swift */,
				58CCEEB3276B783D0002303D /* RPSApp.swift */,
				58CCEEB5276B783D0002303D /* ContentView.swift */,
				58795101276BE92500A52010 /* Screen_1.swift */,
				58795103276BE94500A52010 /* Screen_2.swift */,
				588908CC276C9D94004A3297 /* Screen_3.swift */,
				58401AEA276E742E001671A4 /* Screen_4.swift */,
				587877B8276F59E100E4A6D5 /* Screen_5.swift */,
				58C9C5132773C343003C8479 /* Screen_6.swift */,
				588908CA276C9605004A3297 /* Screen_Multy1.swift */,
				58C9C5152773E983003C8479 /* Screen_Multy2.swift */,
				58C9C5172773EABD003C8479 /* Screen_Multy3.swift */,
				58C9C5192773EF9D003C8479 /* Screen_Multy4.swift */,
				58C9C51D2773FDF8003C8479 /* Screen_Multy5.swift */,
				58CCEEB7276B783E0002303D /* Assets.xcassets */,
				58CCEEB9276B783E0002303D /* Preview Content */,
			);
			path = RPS;
			sourceTree = "<group>";
		};
		58CCEEB9276B783E0002303D /* Preview Content */ = {
			isa = PBXGroup;
			children = (
				58CCEEBA276B783E0002303D /* Preview Assets.xcassets */,
			);
			path = "Preview Content";
			sourceTree = "<group>";
		};
/* End PBXGroup section */

/* Begin PBXNativeTarget section */
		58CCEEAF276B783D0002303D /* RPS */ = {
			isa = PBXNativeTarget;
			buildConfigurationList = 58CCEEBE276B783E0002303D /* Build configuration list for PBXNativeTarget "RPS" */;
			buildPhases = (
				58CCEEAC276B783D0002303D /* Sources */,
				58CCEEAD276B783D0002303D /* Frameworks */,
				58CCEEAE276B783D0002303D /* Resources */,
			);
			buildRules = (
			);
			dependencies = (
			);
			name = RPS;
			productName = RPS;
			productReference = 58CCEEB0276B783D0002303D /* RPS.app */;
			productType = "com.apple.product-type.application";
		};
/* End PBXNativeTarget section */

/* Begin PBXProject section */
		58CCEEA8276B783D0002303D /* Project object */ = {
			isa = PBXProject;
			attributes = {
				BuildIndependentTargetsInParallel = 1;
				LastSwiftUpdateCheck = 1310;
				LastUpgradeCheck = 1310;
				TargetAttributes = {
					58CCEEAF276B783D0002303D = {
						CreatedOnToolsVersion = 13.1;
					};
				};
			};
			buildConfigurationList = 58CCEEAB276B783D0002303D /* Build configuration list for PBXProject "RPS" */;
			compatibilityVersion = "Xcode 13.0";
			developmentRegion = en;
			hasScannedForEncodings = 0;
			knownRegions = (
				en,
				Base,
			);
			mainGroup = 58CCEEA7276B783D0002303D;
			productRefGroup = 58CCEEB1276B783D0002303D /* Products */;
			projectDirPath = "";
			projectRoot = "";
			targets = (
				58CCEEAF276B783D0002303D /* RPS */,
			);
		};
/* End PBXProject section */

/* Begin PBXResourcesBuildPhase section */
		58CCEEAE276B783D0002303D /* Resources */ = {
			isa = PBXResourcesBuildPhase;
			buildActionMask = 2147483647;
			files = (
				58CCEEBB276B783E0002303D /* Preview Assets.xcassets in Resources */,
				58CCEEB8276B783E0002303D /* Assets.xcassets in Resources */,
			);
			runOnlyForDeploymentPostprocessing = 0;
		};
/* End PBXResourcesBuildPhase section */

/* Begin PBXSourcesBuildPhase section */
		58CCEEAC276B783D0002303D /* Sources */ = {
			isa = PBXSourcesBuildPhase;
			buildActionMask = 2147483647;
			files = (
				587877B9276F59E100E4A6D5 /* Screen_5.swift in Sources */,
				58C9C51E2773FDF8003C8479 /* Screen_Multy5.swift in Sources */,
				58C9C5142773C343003C8479 /* Screen_6.swift in Sources */,
				58795104276BE94500A52010 /* Screen_2.swift in Sources */,
				588908CB276C9605004A3297 /* Screen_Multy1.swift in Sources */,
				58C9C51A2773EF9D003C8479 /* Screen_Multy4.swift in Sources */,
				58CCEEB6276B783D0002303D /* ContentView.swift in Sources */,
				58795102276BE92500A52010 /* Screen_1.swift in Sources */,
				58401AEB276E742E001671A4 /* Screen_4.swift in Sources */,
				58795100276BE55900A52010 /* Logic.swift in Sources */,
				58C9C5162773E983003C8479 /* Screen_Multy2.swift in Sources */,
				588908CD276C9D94004A3297 /* Screen_3.swift in Sources */,
				58CCEEB4276B783D0002303D /* RPSApp.swift in Sources */,
				58C9C5182773EABD003C8479 /* Screen_Multy3.swift in Sources */,
			);
			runOnlyForDeploymentPostprocessing = 0;
		};
/* End PBXSourcesBuildPhase section */

/* Begin XCBuildConfiguration section */
		58CCEEBC276B783E0002303D /* Debug */ = {
			isa = XCBuildConfiguration;
			buildSettings = {
				ALWAYS_SEARCH_USER_PATHS = NO;
				CLANG_ANALYZER_NONNULL = YES;
				CLANG_ANALYZER_NUMBER_OBJECT_CONVERSION = YES_AGGRESSIVE;
				CLANG_CXX_LANGUAGE_STANDARD = "gnu++17";
				CLANG_CXX_LIBRARY = "libc++";
				CLANG_ENABLE_MODULES = YES;
				CLANG_ENABLE_OBJC_ARC = YES;
				CLANG_ENABLE_OBJC_WEAK = YES;
				CLANG_WARN_BLOCK_CAPTURE_AUTORELEASING = YES;
				CLANG_WARN_BOOL_CONVERSION = YES;
				CLANG_WARN_COMMA = YES;
				CLANG_WARN_CONSTANT_CONVERSION = YES;
				CLANG_WARN_DEPRECATED_OBJC_IMPLEMENTATIONS = YES;
				CLANG_WARN_DIRECT_OBJC_ISA_USAGE = YES_ERROR;
				CLANG_WARN_DOCUMENTATION_COMMENTS = YES;
				CLANG_WARN_EMPTY_BODY = YES;
				CLANG_WARN_ENUM_CONVERSION = YES;
				CLANG_WARN_INFINITE_RECURSION = YES;
				CLANG_WARN_INT_CONVERSION = YES;
				CLANG_WARN_NON_LITERAL_NULL_CONVERSION = YES;
				CLANG_WARN_OBJC_IMPLICIT_RETAIN_SELF = YES;
				CLANG_WARN_OBJC_LITERAL_CONVERSION = YES;
				CLANG_WARN_OBJC_ROOT_CLASS = YES_ERROR;
				CLANG_WARN_QUOTED_INCLUDE_IN_FRAMEWORK_HEADER = YES;
				CLANG_WARN_RANGE_LOOP_ANALYSIS = YES;
				CLANG_WARN_STRICT_PROTOTYPES = YES;
				CLANG_WARN_SUSPICIOUS_MOVE = YES;
				CLANG_WARN_UNGUARDED_AVAILABILITY = YES_AGGRESSIVE;
				CLANG_WARN_UNREACHABLE_CODE = YES;
				CLANG_WARN__DUPLICATE_METHOD_MATCH = YES;
				COPY_PHASE_STRIP = NO;
				DEBUG_INFORMATION_FORMAT = dwarf;
				ENABLE_STRICT_OBJC_MSGSEND = YES;
				ENABLE_TESTABILITY = YES;
				GCC_C_LANGUAGE_STANDARD = gnu11;
				GCC_DYNAMIC_NO_PIC = NO;
				GCC_NO_COMMON_BLOCKS = YES;
				GCC_OPTIMIZATION_LEVEL = 0;
				GCC_PREPROCESSOR_DEFINITIONS = (
					"DEBUG=1",
					"$(inherited)",
				);
				GCC_WARN_64_TO_32_BIT_CONVERSION = YES;
				GCC_WARN_ABOUT_RETURN_TYPE = YES_ERROR;
				GCC_WARN_UNDECLARED_SELECTOR = YES;
				GCC_WARN_UNINITIALIZED_AUTOS = YES_AGGRESSIVE;
				GCC_WARN_UNUSED_FUNCTION = YES;
				GCC_WARN_UNUSED_VARIABLE = YES;
				IPHONEOS_DEPLOYMENT_TARGET = 15.0;
				MTL_ENABLE_DEBUG_INFO = INCLUDE_SOURCE;
				MTL_FAST_MATH = YES;
				ONLY_ACTIVE_ARCH = YES;
				SDKROOT = iphoneos;
				SWIFT_ACTIVE_COMPILATION_CONDITIONS = DEBUG;
				SWIFT_OPTIMIZATION_LEVEL = "-Onone";
			};
			name = Debug;
		};
		58CCEEBD276B783E0002303D /* Release */ = {
			isa = XCBuildConfiguration;
			buildSettings = {
				ALWAYS_SEARCH_USER_PATHS = NO;
				CLANG_ANALYZER_NONNULL = YES;
				CLANG_ANALYZER_NUMBER_OBJECT_CONVERSION = YES_AGGRESSIVE;
				CLANG_CXX_LANGUAGE_STANDARD = "gnu++17";
				CLANG_CXX_LIBRARY = "libc++";
				CLANG_ENABLE_MODULES = YES;
				CLANG_ENABLE_OBJC_ARC = YES;
				CLANG_ENABLE_OBJC_WEAK = YES;
				CLANG_WARN_BLOCK_CAPTURE_AUTORELEASING = YES;
				CLANG_WARN_BOOL_CONVERSION = YES;
				CLANG_WARN_COMMA = YES;
				CLANG_WARN_CONSTANT_CONVERSION = YES;
				CLANG_WARN_DEPRECATED_OBJC_IMPLEMENTATIONS = YES;
				CLANG_WARN_DIRECT_OBJC_ISA_USAGE = YES_ERROR;
				CLANG_WARN_DOCUMENTATION_COMMENTS = YES;
				CLANG_WARN_EMPTY_BODY = YES;
				CLANG_WARN_ENUM_CONVERSION = YES;
				CLANG_WARN_INFINITE_RECURSION = YES;
				CLANG_WARN_INT_CONVERSION = YES;
				CLANG_WARN_NON_LITERAL_NULL_CONVERSION = YES;
				CLANG_WARN_OBJC_IMPLICIT_RETAIN_SELF = YES;
				CLANG_WARN_OBJC_LITERAL_CONVERSION = YES;
				CLANG_WARN_OBJC_ROOT_CLASS = YES_ERROR;
				CLANG_WARN_QUOTED_INCLUDE_IN_FRAMEWORK_HEADER = YES;
				CLANG_WARN_RANGE_LOOP_ANALYSIS = YES;
				CLANG_WARN_STRICT_PROTOTYPES = YES;
				CLANG_WARN_SUSPICIOUS_MOVE = YES;
				CLANG_WARN_UNGUARDED_AVAILABILITY = YES_AGGRESSIVE;
				CLANG_WARN_UNREACHABLE_CODE = YES;
				CLANG_WARN__DUPLICATE_METHOD_MATCH = YES;
				COPY_PHASE_STRIP = NO;
				DEBUG_INFORMATION_FORMAT = "dwarf-with-dsym";
				ENABLE_NS_ASSERTIONS = NO;
				ENABLE_STRICT_OBJC_MSGSEND = YES;
				GCC_C_LANGUAGE_STANDARD = gnu11;
				GCC_NO_COMMON_BLOCKS = YES;
				GCC_WARN_64_TO_32_BIT_CONVERSION = YES;
				GCC_WARN_ABOUT_RETURN_TYPE = YES_ERROR;
				GCC_WARN_UNDECLARED_SELECTOR = YES;
				GCC_WARN_UNINITIALIZED_AUTOS = YES_AGGRESSIVE;
				GCC_WARN_UNUSED_FUNCTION = YES;
				GCC_WARN_UNUSED_VARIABLE = YES;
				IPHONEOS_DEPLOYMENT_TARGET = 15.0;
				MTL_ENABLE_DEBUG_INFO = NO;
				MTL_FAST_MATH = YES;
				SDKROOT = iphoneos;
				SWIFT_COMPILATION_MODE = wholemodule;
				SWIFT_OPTIMIZATION_LEVEL = "-O";
				VALIDATE_PRODUCT = YES;
			};
			name = Release;
		};
		58CCEEBF276B783E0002303D /* Debug */ = {
			isa = XCBuildConfiguration;
			buildSettings = {
				ASSETCATALOG_COMPILER_APPICON_NAME = AppIcon;
				ASSETCATALOG_COMPILER_GLOBAL_ACCENT_COLOR_NAME = AccentColor;
				CODE_SIGN_STYLE = Automatic;
				CURRENT_PROJECT_VERSION = 1;
				DEVELOPMENT_ASSET_PATHS = "\"RPS/Preview Content\"";
				DEVELOPMENT_TEAM = 729KKCD4G7;
				ENABLE_PREVIEWS = YES;
				GENERATE_INFOPLIST_FILE = YES;
				INFOPLIST_KEY_UIApplicationSceneManifest_Generation = YES;
				INFOPLIST_KEY_UIApplicationSupportsIndirectInputEvents = YES;
				INFOPLIST_KEY_UILaunchScreen_Generation = YES;
				INFOPLIST_KEY_UISupportedInterfaceOrientations_iPad = "UIInterfaceOrientationPortrait UIInterfaceOrientationPortraitUpsideDown UIInterfaceOrientationLandscapeLeft UIInterfaceOrientationLandscapeRight";
				INFOPLIST_KEY_UISupportedInterfaceOrientations_iPhone = "UIInterfaceOrientationPortrait UIInterfaceOrientationLandscapeLeft UIInterfaceOrientationLandscapeRight";
				LD_RUNPATH_SEARCH_PATHS = (
					"$(inherited)",
					"@executable_path/Frameworks",
				);
				MARKETING_VERSION = 1.0;
				PRODUCT_BUNDLE_IDENTIFIER = "Yerkebulan-Sharipov.RPS";
				PRODUCT_NAME = "$(TARGET_NAME)";
				SWIFT_EMIT_LOC_STRINGS = YES;
				SWIFT_VERSION = 5.0;
				TARGETED_DEVICE_FAMILY = "1,2";
			};
			name = Debug;
		};
		58CCEEC0276B783E0002303D /* Release */ = {
			isa = XCBuildConfiguration;
			buildSettings = {
				ASSETCATALOG_COMPILER_APPICON_NAME = AppIcon;
				ASSETCATALOG_COMPILER_GLOBAL_ACCENT_COLOR_NAME = AccentColor;
				CODE_SIGN_STYLE = Automatic;
				CURRENT_PROJECT_VERSION = 1;
				DEVELOPMENT_ASSET_PATHS = "\"RPS/Preview Content\"";
				DEVELOPMENT_TEAM = 729KKCD4G7;
				ENABLE_PREVIEWS = YES;
				GENERATE_INFOPLIST_FILE = YES;
				INFOPLIST_KEY_UIApplicationSceneManifest_Generation = YES;
				INFOPLIST_KEY_UIApplicationSupportsIndirectInputEvents = YES;
				INFOPLIST_KEY_UILaunchScreen_Generation = YES;
				INFOPLIST_KEY_UISupportedInterfaceOrientations_iPad = "UIInterfaceOrientationPortrait UIInterfaceOrientationPortraitUpsideDown UIInterfaceOrientationLandscapeLeft UIInterfaceOrientationLandscapeRight";
				INFOPLIST_KEY_UISupportedInterfaceOrientations_iPhone = "UIInterfaceOrientationPortrait UIInterfaceOrientationLandscapeLeft UIInterfaceOrientationLandscapeRight";
				LD_RUNPATH_SEARCH_PATHS = (
					"$(inherited)",
					"@executable_path/Frameworks",
				);
				MARKETING_VERSION = 1.0;
				PRODUCT_BUNDLE_IDENTIFIER = "Yerkebulan-Sharipov.RPS";
				PRODUCT_NAME = "$(TARGET_NAME)";
				SWIFT_EMIT_LOC_STRINGS = YES;
				SWIFT_VERSION = 5.0;
				TARGETED_DEVICE_FAMILY = "1,2";
			};
			name = Release;
		};
/* End XCBuildConfiguration section */

/* Begin XCConfigurationList section */
		58CCEEAB276B783D0002303D /* Build configuration list for PBXProject "RPS" */ = {
			isa = XCConfigurationList;
			buildConfigurations = (
				58CCEEBC276B783E0002303D /* Debug */,
				58CCEEBD276B783E0002303D /* Release */,
			);
			defaultConfigurationIsVisible = 0;
			defaultConfigurationName = Release;
		};
		58CCEEBE276B783E0002303D /* Build configuration list for PBXNativeTarget "RPS" */ = {
			isa = XCConfigurationList;
			buildConfigurations = (
				58CCEEBF276B783E0002303D /* Debug */,
				58CCEEC0276B783E0002303D /* Release */,
			);
			defaultConfigurationIsVisible = 0;
			defaultConfigurationName = Release;
		};
/* End XCConfigurationList section */
	};
	rootObject = 58CCEEA8276B783D0002303D /* Project object */;
}
